
Microsoft Visual Studio Solution File, Format Version 12.00
# Visual Studio Version 16
VisualStudioVersion = 16.0.28803.202
MinimumVisualStudioVersion = 10.0.40219.1
Project("{9A19103F-16F7-4668-BE54-9A1E7A4F7556}") = "TheGildedRoseApi", "TheGildedRoseApi\TheGildedRoseApi.csproj", "{AA51B0D0-F5A0-48FE-9960-0064EA9C99FB}"
EndProject
Global
	GlobalSection(SolutionConfigurationPlatforms) = preSolution
		Debug|Any CPU = Debug|Any CPU
		Release|Any CPU = Release|Any CPU
	EndGlobalSection
	GlobalSection(ProjectConfigurationPlatforms) = postSolution
		{AA51B0D0-F5A0-48FE-9960-0064EA9C99FB}.Debug|Any CPU.ActiveCfg = Debug|Any CPU
		{AA51B0D0-F5A0-48FE-9960-0064EA9C99FB}.Debug|Any CPU.Build.0 = Debug|Any CPU
		{AA51B0D0-F5A0-48FE-9960-0064EA9C99FB}.Release|Any CPU.ActiveCfg = Release|Any CPU
		{AA51B0D0-F5A0-48FE-9960-0064EA9C99FB}.Release|Any CPU.Build.0 = Release|Any CPU
	EndGlobalSection
	GlobalSection(SolutionProperties) = preSolution
		HideSolutionNode = FALSE
	EndGlobalSection
	GlobalSection(ExtensibilityGlobals) = postSolution
		SolutionGuid = {23EFE150-B518-4911-B565-1E3726969E6C}
	EndGlobalSection
EndGlobal
